{
  "name": "tangle",
  "version": "1.1.1",
  "lockfileVersion": 1,
  "requires": true,
  "dependencies": {
    "dayjs": {
      "version": "1.10.7",
      "resolved": "https://registry.npmjs.org/dayjs/-/dayjs-1.10.7.tgz",
      "integrity": "sha512-P6twpd70BcPK34K26uJ1KT3wlhpuOAPoMwJzpsIWUxHZ7wpmbdZL/hQqBDfz7hGurYSa5PhzdhDHtt319hL3ig=="
    },
    "tanglepay": {
      "version": "1.1.1",
      "resolved": "https://registry.npmjs.org/tanglepay/-/tanglepay-1.1.1.tgz",
      "integrity": "sha512-xxaYAC5GdZshUA/RxCEcZKXq9j7xkdrI0XeLzU3V6aZr4u7vZMDJjVr1qFuWWoJpXrMnrH5Gk8yWPuy1rqlhVQ=="
    }
  }
}
