{
  "name": "tangle",
  "version": "1.2.4",
  "lockfileVersion": 1,
  "requires": true,
  "dependencies": {
    "@tradle/react-native-http": {
      "version": "2.0.1",
      "resolved": "https://registry.npmmirror.com/@tradle/react-native-http/-/react-native-http-2.0.1.tgz",
      "integrity": "sha512-pBLa/mlkD5HE4e8ndF6l8gj4ZUVYlrpRbrODeuxL0+ZFJ0TmBvQ9+bUNy8gNdWTS6kik2fW+u7eiYMeGaISkrA==",
      "requires": {
        "Base64": "~0.2.0",
        "inherits": "~2.0.1"
      }
    },
    "Base64": {
      "version": "0.2.1",
      "resolved": "https://registry.npmmirror.com/Base64/-/Base64-0.2.1.tgz",
      "integrity": "sha512-reGEWshDmTDQDsCec/HduOO9Wyj6yMOupMfhIf3ugN1TDlK2NQW4DDJSqNNtp380SNcvRfXtO8HSCQot0d0SMw=="
    },
    "https-browserify": {
      "version": "0.0.1",
      "resolved": "https://registry.npmmirror.com/https-browserify/-/https-browserify-0.0.1.tgz",
      "integrity": "sha512-EjDQFbgJr1vDD/175UJeSX3ncQ3+RUnCL5NkthQGHvF4VNHlzTy8ifJfTqz47qiPRqaFH58+CbuG3x51WuB1XQ=="
    },
    "inherits": {
      "version": "2.0.4",
      "resolved": "https://registry.npmmirror.com/inherits/-/inherits-2.0.4.tgz",
      "integrity": "sha512-k/vGaX4/Yla3WzyMCvTQOXYeIHvqOKtnqBduzTHpzpQZzAskKMhZ2K+EnBiSM9zGSoIFeMpXKxa4dYeZIQqewQ=="
    }
  }
}
